
Microsoft Visual Studio Solution File, Format Version 12.00
Project("{FAE04EC0-301F-11D3-BF4B-00C04F79EFBC}") = "MP4DurationEditor", "MP4DurationEditor\MP4DurationEditor.csproj", "{8A26AA72-6708-4B05-913A-ABC7CA7E2FCC}"
EndProject
Global
	GlobalSection(SolutionConfigurationPlatforms) = preSolution
		Debug|Any CPU = Debug|Any CPU
		Release|Any CPU = Release|Any CPU
	EndGlobalSection
	GlobalSection(ProjectConfigurationPlatforms) = postSolution
		{8A26AA72-6708-4B05-913A-ABC7CA7E2FCC}.Debug|Any CPU.ActiveCfg = Debug|Any CPU
		{8A26AA72-6708-4B05-913A-ABC7CA7E2FCC}.Debug|Any CPU.Build.0 = Debug|Any CPU
		{8A26AA72-6708-4B05-913A-ABC7CA7E2FCC}.Release|Any CPU.ActiveCfg = Release|Any CPU
		{8A26AA72-6708-4B05-913A-ABC7CA7E2FCC}.Release|Any CPU.Build.0 = Release|Any CPU
	EndGlobalSection
EndGlobal
